
Microsoft Visual Studio Solution File, Format Version 12.00
# Visual Studio 15
VisualStudioVersion = 15.0.28307.106
MinimumVisualStudioVersion = 10.0.40219.1
Project("{FAE04EC0-301F-11D3-BF4B-00C04F79EFBC}") = "CountTriplets", "CountTriplets\CountTriplets.csproj", "{139F51FB-5AE1-4F0D-8233-5F07B4F7428F}"
EndProject
Global
	GlobalSection(SolutionConfigurationPlatforms) = preSolution
		Debug|Any CPU = Debug|Any CPU
		Release|Any CPU = Release|Any CPU
	EndGlobalSection
	GlobalSection(ProjectConfigurationPlatforms) = postSolution
		{139F51FB-5AE1-4F0D-8233-5F07B4F7428F}.Debug|Any CPU.ActiveCfg = Debug|Any CPU
		{139F51FB-5AE1-4F0D-8233-5F07B4F7428F}.Debug|Any CPU.Build.0 = Debug|Any CPU
		{139F51FB-5AE1-4F0D-8233-5F07B4F7428F}.Release|Any CPU.ActiveCfg = Release|Any CPU
		{139F51FB-5AE1-4F0D-8233-5F07B4F7428F}.Release|Any CPU.Build.0 = Release|Any CPU
	EndGlobalSection
	GlobalSection(SolutionProperties) = preSolution
		HideSolutionNode = FALSE
	EndGlobalSection
	GlobalSection(ExtensibilityGlobals) = postSolution
		SolutionGuid = {C0A1DFC8-1E09-4AE5-A0DF-88B3B2257802}
	EndGlobalSection
EndGlobal
